
Microsoft Visual Studio Solution File, Format Version 12.00
# Visual Studio Version 16
VisualStudioVersion = 16.0.32228.343
MinimumVisualStudioVersion = 10.0.40219.1
Project("{FAE04EC0-301F-11D3-BF4B-00C04F79EFBC}") = "MvcFechaCumples", "MvcFechaCumples\MvcFechaCumples.csproj", "{D5C0260F-9BB5-4F2B-90FD-6BFA14901EBA}"
EndProject
Global
	GlobalSection(SolutionConfigurationPlatforms) = preSolution
		Debug|Any CPU = Debug|Any CPU
		Release|Any CPU = Release|Any CPU
	EndGlobalSection
	GlobalSection(ProjectConfigurationPlatforms) = postSolution
		{D5C0260F-9BB5-4F2B-90FD-6BFA14901EBA}.Debug|Any CPU.ActiveCfg = Debug|Any CPU
		{D5C0260F-9BB5-4F2B-90FD-6BFA14901EBA}.Debug|Any CPU.Build.0 = Debug|Any CPU
		{D5C0260F-9BB5-4F2B-90FD-6BFA14901EBA}.Release|Any CPU.ActiveCfg = Release|Any CPU
		{D5C0260F-9BB5-4F2B-90FD-6BFA14901EBA}.Release|Any CPU.Build.0 = Release|Any CPU
	EndGlobalSection
	GlobalSection(SolutionProperties) = preSolution
		HideSolutionNode = FALSE
	EndGlobalSection
	GlobalSection(ExtensibilityGlobals) = postSolution
		SolutionGuid = {2931BACF-2FEF-484E-9FEF-6E36F07B261B}
	EndGlobalSection
EndGlobal
